{
  "name": "guttersnipe-example",
  "version": "1.0.0",
  "lockfileVersion": 2,
  "requires": true,
  "packages": {
    "": {
      "name": "guttersnipe-example",
      "version": "1.0.0",
      "license": "ISC",
      "dependencies": {
        "guttersnipe": "../guttersnipe"
      }
    },
    "../guttersnipe": {
      "version": "0.1.3",
      "dependencies": {
        "connect-livereload": "^0.6.1",
        "express": "^4.18.2",
        "livereload": "^0.9.3",
        "preact": "^10.11.3",
        "vite": "^4.1.0"
      },
      "devDependencies": {
        "@preact/preset-vite": "^2.5.0",
        "typescript": "^4.9.3"
      },
      "peerDependencies": {
        "@preact/preset-vite": "^2.5.0"
      }
    },
    "node_modules/guttersnipe": {
      "resolved": "../guttersnipe",
      "link": true
    }
  },
  "dependencies": {
    "guttersnipe": {
      "version": "file:../guttersnipe",
      "requires": {
        "@preact/preset-vite": "^2.5.0",
        "connect-livereload": "^0.6.1",
        "express": "^4.18.2",
        "livereload": "^0.9.3",
        "preact": "^10.11.3",
        "typescript": "^4.9.3",
        "vite": "^4.1.0"
      }
    }
  }
}
